
Microsoft Visual Studio Solution File, Format Version 12.00
# Visual Studio Version 16
VisualStudioVersion = 16.0.30804.86
MinimumVisualStudioVersion = 10.0.40219.1
Project("{FAE04EC0-301F-11D3-BF4B-00C04F79EFBC}") = "Year2Sem1JanuaryExam", "Year2Sem1JanuaryExam\Year2Sem1JanuaryExam.csproj", "{2BB5D032-4BBD-41C5-9EC6-1A70909A6502}"
EndProject
Global
	GlobalSection(SolutionConfigurationPlatforms) = preSolution
		Debug|Any CPU = Debug|Any CPU
		Release|Any CPU = Release|Any CPU
	EndGlobalSection
	GlobalSection(ProjectConfigurationPlatforms) = postSolution
		{2BB5D032-4BBD-41C5-9EC6-1A70909A6502}.Debug|Any CPU.ActiveCfg = Debug|Any CPU
		{2BB5D032-4BBD-41C5-9EC6-1A70909A6502}.Debug|Any CPU.Build.0 = Debug|Any CPU
		{2BB5D032-4BBD-41C5-9EC6-1A70909A6502}.Release|Any CPU.ActiveCfg = Release|Any CPU
		{2BB5D032-4BBD-41C5-9EC6-1A70909A6502}.Release|Any CPU.Build.0 = Release|Any CPU
	EndGlobalSection
	GlobalSection(SolutionProperties) = preSolution
		HideSolutionNode = FALSE
	EndGlobalSection
	GlobalSection(ExtensibilityGlobals) = postSolution
		SolutionGuid = {1125C153-3786-41D0-896A-408D7167236C}
	EndGlobalSection
EndGlobal
